
Microsoft Visual Studio Solution File, Format Version 12.00
# Visual Studio Version 16
VisualStudioVersion = 16.0.29920.165
MinimumVisualStudioVersion = 10.0.40219.1
Project("{FAE04EC0-301F-11D3-BF4B-00C04F79EFBC}") = "Order_webAPI", "Order_webAPI\Order_webAPI.csproj", "{90B5423C-454B-4E49-ACD3-88A04AFAA098}"
EndProject
Global
	GlobalSection(SolutionConfigurationPlatforms) = preSolution
		Debug|Any CPU = Debug|Any CPU
		Release|Any CPU = Release|Any CPU
	EndGlobalSection
	GlobalSection(ProjectConfigurationPlatforms) = postSolution
		{90B5423C-454B-4E49-ACD3-88A04AFAA098}.Debug|Any CPU.ActiveCfg = Debug|Any CPU
		{90B5423C-454B-4E49-ACD3-88A04AFAA098}.Debug|Any CPU.Build.0 = Debug|Any CPU
		{90B5423C-454B-4E49-ACD3-88A04AFAA098}.Release|Any CPU.ActiveCfg = Release|Any CPU
		{90B5423C-454B-4E49-ACD3-88A04AFAA098}.Release|Any CPU.Build.0 = Release|Any CPU
	EndGlobalSection
	GlobalSection(SolutionProperties) = preSolution
		HideSolutionNode = FALSE
	EndGlobalSection
	GlobalSection(ExtensibilityGlobals) = postSolution
		SolutionGuid = {72A07311-7B11-43A7-A210-21C908AF8A0C}
	EndGlobalSection
EndGlobal
